
Microsoft Visual Studio Solution File, Format Version 12.00
# Visual Studio 2010
Project("{FAE04EC0-301F-11D3-BF4B-00C04F79EFBC}") = "SignalR.EventAggregatorProxy", "SignalR.EventAggregatorProxy\SignalR.EventAggregatorProxy.csproj", "{6F9F91FC-E3D0-4008-B57C-F343F3BD7DD8}"
EndProject
Project("{2150E333-8FDC-42A3-9474-1A3956D46DE8}") = ".nuget", ".nuget", "{7B4FF0AB-3019-4682-9289-1F949307C65F}"
	ProjectSection(SolutionItems) = preProject
		.nuget\NuGet.Config = .nuget\NuGet.Config
		.nuget\NuGet.exe = .nuget\NuGet.exe
		.nuget\NuGet.targets = .nuget\NuGet.targets
	EndProjectSection
EndProject
Project("{2150E333-8FDC-42A3-9474-1A3956D46DE8}") = "Tests", "Tests", "{5BCC75D3-B58D-4680-8886-63A73322D2AD}"
EndProject
Project("{FAE04EC0-301F-11D3-BF4B-00C04F79EFBC}") = "SignalR.EventAggregatorProxy.Tests", "SignalR.EventAggregatorProxy.Tests\SignalR.EventAggregatorProxy.Tests.csproj", "{D448A946-04D1-4890-ADA5-D200F0005734}"
EndProject
Project("{FAE04EC0-301F-11D3-BF4B-00C04F79EFBC}") = "SignalR.EventAggregatorProxy.Client.JS", "SignalR.EventAggregatorProxy.Client.JS\SignalR.EventAggregatorProxy.Client.JS.csproj", "{DAA8EEF7-9893-4410-87D4-39F770DB26F6}"
EndProject
Project("{2150E333-8FDC-42A3-9474-1A3956D46DE8}") = ".build", ".build", "{7598615F-6AF9-41D6-9089-6E9DB38128AA}"
	ProjectSection(SolutionItems) = preProject
		.build\build_constraint_output.proj = .build\build_constraint_output.proj
		.build\build_dot_net_client_output.proj = .build\build_dot_net_client_output.proj
		.build\build_server_output.proj = .build\build_server_output.proj
		.build\create_nuget_package.cmd = .build\create_nuget_package.cmd
		.build\EcmaScript.NET.modified.dll = .build\EcmaScript.NET.modified.dll
		.build\get_git_version.proj = .build\get_git_version.proj
		.build\Package.Constraint.nuspec = .build\Package.Constraint.nuspec
		.build\Package.DotNet.Client.nuspec = .build\Package.DotNet.Client.nuspec
		.build\Package.Server.nuspec = .build\Package.Server.nuspec
		.build\SignalR.EventAggregatorProxy.Client.DotNet.txt = .build\SignalR.EventAggregatorProxy.Client.DotNet.txt
		.build\SignalR.EventAggregatorProxy.txt = .build\SignalR.EventAggregatorProxy.txt
		.build\versions.xml = .build\versions.xml
		.build\Yahoo.Yui.Compressor.dll = .build\Yahoo.Yui.Compressor.dll
		.build\Yahoo.Yui.Compressor.MsBuildTask.dll = .build\Yahoo.Yui.Compressor.MsBuildTask.dll
	EndProjectSection
EndProject
Project("{FAE04EC0-301F-11D3-BF4B-00C04F79EFBC}") = "SignalR.EventAggregatorProxy.Constraint", "SignalR.EventAggregatorProxy.Constraint\SignalR.EventAggregatorProxy.Constraint.csproj", "{3605162F-B6FA-4AAA-BED9-C8061FA9ED59}"
EndProject
Project("{FAE04EC0-301F-11D3-BF4B-00C04F79EFBC}") = "SignalR.EventAggregatorProxy.Client.DotNet", "SignalR.EventAggregatorProxy.Client.DotNet\SignalR.EventAggregatorProxy.Client.DotNet.csproj", "{CEDFD5F2-27BE-41A3-83D4-CBAFA24EBBEB}"
EndProject
Global
	GlobalSection(SolutionConfigurationPlatforms) = preSolution
		Debug|Any CPU = Debug|Any CPU
		Release|Any CPU = Release|Any CPU
	EndGlobalSection
	GlobalSection(ProjectConfigurationPlatforms) = postSolution
		{6F9F91FC-E3D0-4008-B57C-F343F3BD7DD8}.Debug|Any CPU.ActiveCfg = Debug|Any CPU
		{6F9F91FC-E3D0-4008-B57C-F343F3BD7DD8}.Debug|Any CPU.Build.0 = Debug|Any CPU
		{6F9F91FC-E3D0-4008-B57C-F343F3BD7DD8}.Release|Any CPU.ActiveCfg = Release|Any CPU
		{6F9F91FC-E3D0-4008-B57C-F343F3BD7DD8}.Release|Any CPU.Build.0 = Release|Any CPU
		{D448A946-04D1-4890-ADA5-D200F0005734}.Debug|Any CPU.ActiveCfg = Debug|Any CPU
		{D448A946-04D1-4890-ADA5-D200F0005734}.Debug|Any CPU.Build.0 = Debug|Any CPU
		{D448A946-04D1-4890-ADA5-D200F0005734}.Release|Any CPU.ActiveCfg = Release|Any CPU
		{D448A946-04D1-4890-ADA5-D200F0005734}.Release|Any CPU.Build.0 = Release|Any CPU
		{DAA8EEF7-9893-4410-87D4-39F770DB26F6}.Debug|Any CPU.ActiveCfg = Debug|Any CPU
		{DAA8EEF7-9893-4410-87D4-39F770DB26F6}.Debug|Any CPU.Build.0 = Debug|Any CPU
		{DAA8EEF7-9893-4410-87D4-39F770DB26F6}.Release|Any CPU.ActiveCfg = Release|Any CPU
		{DAA8EEF7-9893-4410-87D4-39F770DB26F6}.Release|Any CPU.Build.0 = Release|Any CPU
		{3605162F-B6FA-4AAA-BED9-C8061FA9ED59}.Debug|Any CPU.ActiveCfg = Debug|Any CPU
		{3605162F-B6FA-4AAA-BED9-C8061FA9ED59}.Debug|Any CPU.Build.0 = Debug|Any CPU
		{3605162F-B6FA-4AAA-BED9-C8061FA9ED59}.Release|Any CPU.ActiveCfg = Release|Any CPU
		{3605162F-B6FA-4AAA-BED9-C8061FA9ED59}.Release|Any CPU.Build.0 = Release|Any CPU
		{CEDFD5F2-27BE-41A3-83D4-CBAFA24EBBEB}.Debug|Any CPU.ActiveCfg = Debug|Any CPU
		{CEDFD5F2-27BE-41A3-83D4-CBAFA24EBBEB}.Debug|Any CPU.Build.0 = Debug|Any CPU
		{CEDFD5F2-27BE-41A3-83D4-CBAFA24EBBEB}.Release|Any CPU.ActiveCfg = Release|Any CPU
		{CEDFD5F2-27BE-41A3-83D4-CBAFA24EBBEB}.Release|Any CPU.Build.0 = Release|Any CPU
	EndGlobalSection
	GlobalSection(SolutionProperties) = preSolution
		HideSolutionNode = FALSE
	EndGlobalSection
	GlobalSection(NestedProjects) = preSolution
		{D448A946-04D1-4890-ADA5-D200F0005734} = {5BCC75D3-B58D-4680-8886-63A73322D2AD}
	EndGlobalSection
EndGlobal
