
Microsoft Visual Studio Solution File, Format Version 11.00
# Visual Studio 2010
Project("{FAE04EC0-301F-11D3-BF4B-00C04F79EFBC}") = "SignalR.EventAggregatorProxy.Demo.MVC4", "SignalR.EventAggregatorProxy.Demo.MVC4\SignalR.EventAggregatorProxy.Demo.MVC4.csproj", "{6B697011-F12B-4BA2-946C-A7A3BB186CDB}"
EndProject
Global
	GlobalSection(SolutionConfigurationPlatforms) = preSolution
		Debug|Any CPU = Debug|Any CPU
		Release|Any CPU = Release|Any CPU
	EndGlobalSection
	GlobalSection(ProjectConfigurationPlatforms) = postSolution
		{6B697011-F12B-4BA2-946C-A7A3BB186CDB}.Debug|Any CPU.ActiveCfg = Debug|Any CPU
		{6B697011-F12B-4BA2-946C-A7A3BB186CDB}.Debug|Any CPU.Build.0 = Debug|Any CPU
		{6B697011-F12B-4BA2-946C-A7A3BB186CDB}.Release|Any CPU.ActiveCfg = Release|Any CPU
		{6B697011-F12B-4BA2-946C-A7A3BB186CDB}.Release|Any CPU.Build.0 = Release|Any CPU
	EndGlobalSection
	GlobalSection(SolutionProperties) = preSolution
		HideSolutionNode = FALSE
	EndGlobalSection
EndGlobal
