
Microsoft Visual Studio Solution File, Format Version 12.00
# Visual Studio 15
VisualStudioVersion = 15.0.28306.52
MinimumVisualStudioVersion = 10.0.40219.1
Project("{9A19103F-16F7-4668-BE54-9A1E7A4F7556}") = "SignalR.EventAggregatorProxy", "SignalR.EventAggregatorProxy\SignalR.EventAggregatorProxy.csproj", "{CF17CA88-1B30-4E85-927A-0F1A37659AD5}"
EndProject
Project("{9A19103F-16F7-4668-BE54-9A1E7A4F7556}") = "SignalR.EventAggregatorProxy.Constraint", "SignalR.EventAggregatorProxy.Constraint\SignalR.EventAggregatorProxy.Constraint.csproj", "{57DCE6A6-DDC3-4FA7-B5E7-6C43EE2C5F69}"
EndProject
Project("{9A19103F-16F7-4668-BE54-9A1E7A4F7556}") = "SignalR.EventAggregatorProxy.AspNetCore", "SignalR.EventAggregatorProxy.AspNetCore\SignalR.EventAggregatorProxy.AspNetCore.csproj", "{519D2D06-F122-4883-A1B6-EBA356C842E7}"
EndProject
Project("{2150E333-8FDC-42A3-9474-1A3956D46DE8}") = ".build", ".build", "{47FBF167-47A7-4E0F-8CF7-7C46983D2DDE}"
	ProjectSection(SolutionItems) = preProject
		.build\build_angular_client_output.proj = .build\build_angular_client_output.proj
		.build\build_constraint_output.proj = .build\build_constraint_output.proj
		.build\build_dot_net_client_output.proj = .build\build_dot_net_client_output.proj
		.build\build_js_client.proj = .build\build_js_client.proj
		.build\build_server_output.proj = .build\build_server_output.proj
		.build\build_server_web_output.proj = .build\build_server_web_output.proj
		.build\create_nuget_package.cmd = .build\create_nuget_package.cmd
		.build\EcmaScript.NET.modified.dll = .build\EcmaScript.NET.modified.dll
		.build\get_git_version.proj = .build\get_git_version.proj
		.build\GitVersionInfo.dll = .build\GitVersionInfo.dll
		.build\ICSharpCode.SharpZipLib.dll = .build\ICSharpCode.SharpZipLib.dll
		.build\Mono.Security.dll = .build\Mono.Security.dll
		.build\NGit.dll = .build\NGit.dll
		.build\NSch.dll = .build\NSch.dll
		.build\Package.Angular.Client.nuspec = .build\Package.Angular.Client.nuspec
		.build\Package.Constraint.nuspec = .build\Package.Constraint.nuspec
		.build\Package.DotNet.Client.nuspec = .build\Package.DotNet.Client.nuspec
		.build\package.json = .build\package.json
		.build\Package.Server.nuspec = .build\Package.Server.nuspec
		.build\Package.Server.Web.nuspec = .build\Package.Server.Web.nuspec
		.build\Sharpen.dll = .build\Sharpen.dll
		.build\versions.xml = .build\versions.xml
		.build\write_VersionInfo.proj = .build\write_VersionInfo.proj
		.build\Yahoo.Yui.Compressor.dll = .build\Yahoo.Yui.Compressor.dll
		.build\Yahoo.Yui.Compressor.MsBuildTask.dll = .build\Yahoo.Yui.Compressor.MsBuildTask.dll
	EndProjectSection
EndProject
Project("{2150E333-8FDC-42A3-9474-1A3956D46DE8}") = "readme", "readme", "{F5595704-F419-4EBA-8CC5-3B2CA823DE48}"
EndProject
Project("{2150E333-8FDC-42A3-9474-1A3956D46DE8}") = "SignalR.EventAggregatorProxy", "SignalR.EventAggregatorProxy", "{FA09EA2F-EA5A-4464-9390-F81C9BEDBF1D}"
	ProjectSection(SolutionItems) = preProject
		.build\readme\SignalR.EventAggregatorProxy\readme.txt = .build\readme\SignalR.EventAggregatorProxy\readme.txt
	EndProjectSection
EndProject
Project("{FAE04EC0-301F-11D3-BF4B-00C04F79EFBC}") = "SignalR.EventAggregatorProxy.Client.JS", "SignalR.EventAggregatorProxy.Client.JS\SignalR.EventAggregatorProxy.Client.JS.csproj", "{DAA8EEF7-9893-4410-87D4-39F770DB26F6}"
EndProject
Project("{9A19103F-16F7-4668-BE54-9A1E7A4F7556}") = "SignalR.EventAggregatorProxy.Client.DotNetCore", "SignalR.EventAggregatorProxy.Client.DotNetCore\SignalR.EventAggregatorProxy.Client.DotNetCore.csproj", "{E18EADCE-6E6A-47F7-AADC-7E8090021EFE}"
EndProject
Global
	GlobalSection(SolutionConfigurationPlatforms) = preSolution
		Debug|Any CPU = Debug|Any CPU
		Release|Any CPU = Release|Any CPU
	EndGlobalSection
	GlobalSection(ProjectConfigurationPlatforms) = postSolution
		{CF17CA88-1B30-4E85-927A-0F1A37659AD5}.Debug|Any CPU.ActiveCfg = Debug|Any CPU
		{CF17CA88-1B30-4E85-927A-0F1A37659AD5}.Debug|Any CPU.Build.0 = Debug|Any CPU
		{CF17CA88-1B30-4E85-927A-0F1A37659AD5}.Release|Any CPU.ActiveCfg = Release|Any CPU
		{CF17CA88-1B30-4E85-927A-0F1A37659AD5}.Release|Any CPU.Build.0 = Release|Any CPU
		{57DCE6A6-DDC3-4FA7-B5E7-6C43EE2C5F69}.Debug|Any CPU.ActiveCfg = Debug|Any CPU
		{57DCE6A6-DDC3-4FA7-B5E7-6C43EE2C5F69}.Debug|Any CPU.Build.0 = Debug|Any CPU
		{57DCE6A6-DDC3-4FA7-B5E7-6C43EE2C5F69}.Release|Any CPU.ActiveCfg = Release|Any CPU
		{57DCE6A6-DDC3-4FA7-B5E7-6C43EE2C5F69}.Release|Any CPU.Build.0 = Release|Any CPU
		{519D2D06-F122-4883-A1B6-EBA356C842E7}.Debug|Any CPU.ActiveCfg = Debug|Any CPU
		{519D2D06-F122-4883-A1B6-EBA356C842E7}.Debug|Any CPU.Build.0 = Debug|Any CPU
		{519D2D06-F122-4883-A1B6-EBA356C842E7}.Release|Any CPU.ActiveCfg = Release|Any CPU
		{519D2D06-F122-4883-A1B6-EBA356C842E7}.Release|Any CPU.Build.0 = Release|Any CPU
		{DAA8EEF7-9893-4410-87D4-39F770DB26F6}.Debug|Any CPU.ActiveCfg = Debug|Any CPU
		{DAA8EEF7-9893-4410-87D4-39F770DB26F6}.Debug|Any CPU.Build.0 = Debug|Any CPU
		{DAA8EEF7-9893-4410-87D4-39F770DB26F6}.Release|Any CPU.ActiveCfg = Release|Any CPU
		{DAA8EEF7-9893-4410-87D4-39F770DB26F6}.Release|Any CPU.Build.0 = Release|Any CPU
		{E18EADCE-6E6A-47F7-AADC-7E8090021EFE}.Debug|Any CPU.ActiveCfg = Debug|Any CPU
		{E18EADCE-6E6A-47F7-AADC-7E8090021EFE}.Debug|Any CPU.Build.0 = Debug|Any CPU
		{E18EADCE-6E6A-47F7-AADC-7E8090021EFE}.Release|Any CPU.ActiveCfg = Release|Any CPU
		{E18EADCE-6E6A-47F7-AADC-7E8090021EFE}.Release|Any CPU.Build.0 = Release|Any CPU
	EndGlobalSection
	GlobalSection(SolutionProperties) = preSolution
		HideSolutionNode = FALSE
	EndGlobalSection
	GlobalSection(NestedProjects) = preSolution
		{F5595704-F419-4EBA-8CC5-3B2CA823DE48} = {47FBF167-47A7-4E0F-8CF7-7C46983D2DDE}
		{FA09EA2F-EA5A-4464-9390-F81C9BEDBF1D} = {F5595704-F419-4EBA-8CC5-3B2CA823DE48}
	EndGlobalSection
	GlobalSection(ExtensibilityGlobals) = postSolution
		SolutionGuid = {4CC9769D-E598-49AC-A91E-132664F0BE3A}
	EndGlobalSection
EndGlobal
