
Microsoft Visual Studio Solution File, Format Version 12.00
# Visual Studio 2012
Project("{FAE04EC0-301F-11D3-BF4B-00C04F79EFBC}") = "SignalR.EventAggregatorProxy", "SignalR.EventAggregatorProxy\SignalR.EventAggregatorProxy.csproj", "{6F9F91FC-E3D0-4008-B57C-F343F3BD7DD8}"
EndProject
Project("{2150E333-8FDC-42A3-9474-1A3956D46DE8}") = ".nuget", ".nuget", "{7B4FF0AB-3019-4682-9289-1F949307C65F}"
	ProjectSection(SolutionItems) = preProject
		.nuget\NuGet.Config = .nuget\NuGet.Config
		.nuget\NuGet.exe = .nuget\NuGet.exe
		.nuget\NuGet.targets = .nuget\NuGet.targets
	EndProjectSection
EndProject
Project("{2150E333-8FDC-42A3-9474-1A3956D46DE8}") = "Tests", "Tests", "{5BCC75D3-B58D-4680-8886-63A73322D2AD}"
EndProject
Project("{FAE04EC0-301F-11D3-BF4B-00C04F79EFBC}") = "SignalR.EventAggregatorProxy.Tests", "SignalR.EventAggregatorProxy.Tests\SignalR.EventAggregatorProxy.Tests.csproj", "{D448A946-04D1-4890-ADA5-D200F0005734}"
EndProject
Project("{FAE04EC0-301F-11D3-BF4B-00C04F79EFBC}") = "SignalR.EventAggregatorProxy.Client.JS", "SignalR.EventAggregatorProxy.Client.JS\SignalR.EventAggregatorProxy.Client.JS.csproj", "{DAA8EEF7-9893-4410-87D4-39F770DB26F6}"
EndProject
Project("{2150E333-8FDC-42A3-9474-1A3956D46DE8}") = ".build", ".build", "{7598615F-6AF9-41D6-9089-6E9DB38128AA}"
	ProjectSection(SolutionItems) = preProject
		.build\build_angular_client_output.proj = .build\build_angular_client_output.proj
		.build\build_constraint_output.proj = .build\build_constraint_output.proj
		.build\build_dot_net_client_output.proj = .build\build_dot_net_client_output.proj
		.build\build_server_output.proj = .build\build_server_output.proj
		.build\create_nuget_package.cmd = .build\create_nuget_package.cmd
		.build\EcmaScript.NET.modified.dll = .build\EcmaScript.NET.modified.dll
		.build\get_git_version.proj = .build\get_git_version.proj
		.build\Package.Angular.Client.nuspec = .build\Package.Angular.Client.nuspec
		.build\Package.Constraint.nuspec = .build\Package.Constraint.nuspec
		.build\Package.DotNet.Client.nuspec = .build\Package.DotNet.Client.nuspec
		.build\Package.Server.nuspec = .build\Package.Server.nuspec
		.build\versions.xml = .build\versions.xml
		.build\Yahoo.Yui.Compressor.dll = .build\Yahoo.Yui.Compressor.dll
		.build\Yahoo.Yui.Compressor.MsBuildTask.dll = .build\Yahoo.Yui.Compressor.MsBuildTask.dll
	EndProjectSection
EndProject
Project("{FAE04EC0-301F-11D3-BF4B-00C04F79EFBC}") = "SignalR.EventAggregatorProxy.Constraint", "SignalR.EventAggregatorProxy.Constraint\SignalR.EventAggregatorProxy.Constraint.csproj", "{3605162F-B6FA-4AAA-BED9-C8061FA9ED59}"
EndProject
Project("{FAE04EC0-301F-11D3-BF4B-00C04F79EFBC}") = "SignalR.EventAggregatorProxy.Client.DotNet", "SignalR.EventAggregatorProxy.Client.DotNet\SignalR.EventAggregatorProxy.Client.DotNet.csproj", "{CEDFD5F2-27BE-41A3-83D4-CBAFA24EBBEB}"
EndProject
Project("{FAE04EC0-301F-11D3-BF4B-00C04F79EFBC}") = "SignalR.EventAggregatorProxy.Tests.Server", "SignalR.EventAggregatorProxy.Tests.Server\SignalR.EventAggregatorProxy.Tests.Server.csproj", "{3FA5DB04-D34F-44BB-B590-113D94D4F866}"
EndProject
Project("{FAE04EC0-301F-11D3-BF4B-00C04F79EFBC}") = "SignalR.EventAggregatorProxy.Tests.DotNetClient", "SignalR.EventAggregatorProxy.Tests.DotNetClient\SignalR.EventAggregatorProxy.Tests.DotNetClient.csproj", "{5D7E876C-974D-446F-9DF8-A3D3EF8FD2B2}"
EndProject
Project("{FAE04EC0-301F-11D3-BF4B-00C04F79EFBC}") = "SignalR.EventAggregatorProxy.Tests.JS", "SignalR.EventAggregatorProxy.Tests.JS\SignalR.EventAggregatorProxy.Tests.JS.csproj", "{A95F482B-1F43-4F22-8DD8-0A8EE83C970B}"
EndProject
Project("{2150E333-8FDC-42A3-9474-1A3956D46DE8}") = "readme", "readme", "{B8E832E2-3DB5-4029-B22B-827114227F50}"
EndProject
Project("{2150E333-8FDC-42A3-9474-1A3956D46DE8}") = "SignalR.EventAggregatorProxy", "SignalR.EventAggregatorProxy", "{03C5BCE5-95D6-4ABA-8B36-C7512C5B1E58}"
	ProjectSection(SolutionItems) = preProject
		.build\readme\SignalR.EventAggregatorProxy\readme.txt = .build\readme\SignalR.EventAggregatorProxy\readme.txt
	EndProjectSection
EndProject
Project("{2150E333-8FDC-42A3-9474-1A3956D46DE8}") = "SignalR.EventAggregatorProxy.Client.DotNet", "SignalR.EventAggregatorProxy.Client.DotNet", "{F27F7328-5269-4F7C-A1FA-385260D9CB2A}"
	ProjectSection(SolutionItems) = preProject
		.build\readme\SignalR.EventAggregatorProxy.Client.DotNet\readme.txt = .build\readme\SignalR.EventAggregatorProxy.Client.DotNet\readme.txt
	EndProjectSection
EndProject
Project("{FAE04EC0-301F-11D3-BF4B-00C04F79EFBC}") = "SignalR.EventAggregatorProxy.Client.Angular", "SignalR.EventAggregatorProxy.Client.Angular\SignalR.EventAggregatorProxy.Client.Angular.csproj", "{B81872D6-1C36-4E9F-A89F-E69ADABB5258}"
EndProject
Project("{2150E333-8FDC-42A3-9474-1A3956D46DE8}") = "SignalR.EventAggregatorProxy.Client.Angular", "SignalR.EventAggregatorProxy.Client.Angular", "{EF609E89-4D87-453F-B8E3-443E8C9EF985}"
	ProjectSection(SolutionItems) = preProject
		.build\readme\SignalR.EventAggregatorProxy.Client.Angular\readme.txt = .build\readme\SignalR.EventAggregatorProxy.Client.Angular\readme.txt
	EndProjectSection
EndProject
Global
	GlobalSection(SolutionConfigurationPlatforms) = preSolution
		Debug|Any CPU = Debug|Any CPU
		Release|Any CPU = Release|Any CPU
	EndGlobalSection
	GlobalSection(ProjectConfigurationPlatforms) = postSolution
		{6F9F91FC-E3D0-4008-B57C-F343F3BD7DD8}.Debug|Any CPU.ActiveCfg = Debug|Any CPU
		{6F9F91FC-E3D0-4008-B57C-F343F3BD7DD8}.Debug|Any CPU.Build.0 = Debug|Any CPU
		{6F9F91FC-E3D0-4008-B57C-F343F3BD7DD8}.Release|Any CPU.ActiveCfg = Release|Any CPU
		{6F9F91FC-E3D0-4008-B57C-F343F3BD7DD8}.Release|Any CPU.Build.0 = Release|Any CPU
		{D448A946-04D1-4890-ADA5-D200F0005734}.Debug|Any CPU.ActiveCfg = Debug|Any CPU
		{D448A946-04D1-4890-ADA5-D200F0005734}.Debug|Any CPU.Build.0 = Debug|Any CPU
		{D448A946-04D1-4890-ADA5-D200F0005734}.Release|Any CPU.ActiveCfg = Release|Any CPU
		{D448A946-04D1-4890-ADA5-D200F0005734}.Release|Any CPU.Build.0 = Release|Any CPU
		{DAA8EEF7-9893-4410-87D4-39F770DB26F6}.Debug|Any CPU.ActiveCfg = Debug|Any CPU
		{DAA8EEF7-9893-4410-87D4-39F770DB26F6}.Debug|Any CPU.Build.0 = Debug|Any CPU
		{DAA8EEF7-9893-4410-87D4-39F770DB26F6}.Release|Any CPU.ActiveCfg = Release|Any CPU
		{DAA8EEF7-9893-4410-87D4-39F770DB26F6}.Release|Any CPU.Build.0 = Release|Any CPU
		{3605162F-B6FA-4AAA-BED9-C8061FA9ED59}.Debug|Any CPU.ActiveCfg = Debug|Any CPU
		{3605162F-B6FA-4AAA-BED9-C8061FA9ED59}.Debug|Any CPU.Build.0 = Debug|Any CPU
		{3605162F-B6FA-4AAA-BED9-C8061FA9ED59}.Release|Any CPU.ActiveCfg = Release|Any CPU
		{3605162F-B6FA-4AAA-BED9-C8061FA9ED59}.Release|Any CPU.Build.0 = Release|Any CPU
		{CEDFD5F2-27BE-41A3-83D4-CBAFA24EBBEB}.Debug|Any CPU.ActiveCfg = Debug|Any CPU
		{CEDFD5F2-27BE-41A3-83D4-CBAFA24EBBEB}.Debug|Any CPU.Build.0 = Debug|Any CPU
		{CEDFD5F2-27BE-41A3-83D4-CBAFA24EBBEB}.Release|Any CPU.ActiveCfg = Release|Any CPU
		{CEDFD5F2-27BE-41A3-83D4-CBAFA24EBBEB}.Release|Any CPU.Build.0 = Release|Any CPU
		{3FA5DB04-D34F-44BB-B590-113D94D4F866}.Debug|Any CPU.ActiveCfg = Debug|Any CPU
		{3FA5DB04-D34F-44BB-B590-113D94D4F866}.Debug|Any CPU.Build.0 = Debug|Any CPU
		{3FA5DB04-D34F-44BB-B590-113D94D4F866}.Release|Any CPU.ActiveCfg = Release|Any CPU
		{3FA5DB04-D34F-44BB-B590-113D94D4F866}.Release|Any CPU.Build.0 = Release|Any CPU
		{5D7E876C-974D-446F-9DF8-A3D3EF8FD2B2}.Debug|Any CPU.ActiveCfg = Debug|Any CPU
		{5D7E876C-974D-446F-9DF8-A3D3EF8FD2B2}.Debug|Any CPU.Build.0 = Debug|Any CPU
		{5D7E876C-974D-446F-9DF8-A3D3EF8FD2B2}.Release|Any CPU.ActiveCfg = Release|Any CPU
		{5D7E876C-974D-446F-9DF8-A3D3EF8FD2B2}.Release|Any CPU.Build.0 = Release|Any CPU
		{A95F482B-1F43-4F22-8DD8-0A8EE83C970B}.Debug|Any CPU.ActiveCfg = Debug|Any CPU
		{A95F482B-1F43-4F22-8DD8-0A8EE83C970B}.Debug|Any CPU.Build.0 = Debug|Any CPU
		{A95F482B-1F43-4F22-8DD8-0A8EE83C970B}.Release|Any CPU.ActiveCfg = Release|Any CPU
		{A95F482B-1F43-4F22-8DD8-0A8EE83C970B}.Release|Any CPU.Build.0 = Release|Any CPU
		{B81872D6-1C36-4E9F-A89F-E69ADABB5258}.Debug|Any CPU.ActiveCfg = Debug|Any CPU
		{B81872D6-1C36-4E9F-A89F-E69ADABB5258}.Debug|Any CPU.Build.0 = Debug|Any CPU
		{B81872D6-1C36-4E9F-A89F-E69ADABB5258}.Release|Any CPU.ActiveCfg = Release|Any CPU
		{B81872D6-1C36-4E9F-A89F-E69ADABB5258}.Release|Any CPU.Build.0 = Release|Any CPU
	EndGlobalSection
	GlobalSection(SolutionProperties) = preSolution
		HideSolutionNode = FALSE
	EndGlobalSection
	GlobalSection(NestedProjects) = preSolution
		{D448A946-04D1-4890-ADA5-D200F0005734} = {5BCC75D3-B58D-4680-8886-63A73322D2AD}
		{3FA5DB04-D34F-44BB-B590-113D94D4F866} = {5BCC75D3-B58D-4680-8886-63A73322D2AD}
		{5D7E876C-974D-446F-9DF8-A3D3EF8FD2B2} = {5BCC75D3-B58D-4680-8886-63A73322D2AD}
		{A95F482B-1F43-4F22-8DD8-0A8EE83C970B} = {5BCC75D3-B58D-4680-8886-63A73322D2AD}
		{B8E832E2-3DB5-4029-B22B-827114227F50} = {7598615F-6AF9-41D6-9089-6E9DB38128AA}
		{03C5BCE5-95D6-4ABA-8B36-C7512C5B1E58} = {B8E832E2-3DB5-4029-B22B-827114227F50}
		{F27F7328-5269-4F7C-A1FA-385260D9CB2A} = {B8E832E2-3DB5-4029-B22B-827114227F50}
		{EF609E89-4D87-453F-B8E3-443E8C9EF985} = {B8E832E2-3DB5-4029-B22B-827114227F50}
	EndGlobalSection
EndGlobal
