
Microsoft Visual Studio Solution File, Format Version 12.00
# Visual Studio Version 16
VisualStudioVersion = 16.0.29326.143
MinimumVisualStudioVersion = 10.0.40219.1
Project("{9A19103F-16F7-4668-BE54-9A1E7A4F7556}") = "SignalR.EventAggregatorProxy.Demo.AspNetCore", "SignalR.EventAggregatorProxy.Demo.AspNetCore\SignalR.EventAggregatorProxy.Demo.AspNetCore.csproj", "{148E5BBC-A71B-4482-BD56-F6A5A26C9A6B}"
EndProject
Project("{9A19103F-16F7-4668-BE54-9A1E7A4F7556}") = "SignalR.EventAggregatorProxy.Demo.Contracts", "SignalR.EventAggregatorProxy.Demo.Contracts\SignalR.EventAggregatorProxy.Demo.Contracts.csproj", "{B968AB65-66E1-4264-AC2B-21BFD4C160E8}"
EndProject
Project("{9A19103F-16F7-4668-BE54-9A1E7A4F7556}") = "SignalR.EventAggregatorProxy.Demo.DotNetCore", "SignalR.EventAggregatorProxy.Demo.DotNetCore\SignalR.EventAggregatorProxy.Demo.DotNetCore.csproj", "{D6A6B000-5D2E-4F42-AFC6-0BA98BE06491}"
EndProject
Global
	GlobalSection(SolutionConfigurationPlatforms) = preSolution
		Debug|Any CPU = Debug|Any CPU
		Release|Any CPU = Release|Any CPU
	EndGlobalSection
	GlobalSection(ProjectConfigurationPlatforms) = postSolution
		{148E5BBC-A71B-4482-BD56-F6A5A26C9A6B}.Debug|Any CPU.ActiveCfg = Debug|Any CPU
		{148E5BBC-A71B-4482-BD56-F6A5A26C9A6B}.Debug|Any CPU.Build.0 = Debug|Any CPU
		{148E5BBC-A71B-4482-BD56-F6A5A26C9A6B}.Release|Any CPU.ActiveCfg = Release|Any CPU
		{148E5BBC-A71B-4482-BD56-F6A5A26C9A6B}.Release|Any CPU.Build.0 = Release|Any CPU
		{B968AB65-66E1-4264-AC2B-21BFD4C160E8}.Debug|Any CPU.ActiveCfg = Debug|Any CPU
		{B968AB65-66E1-4264-AC2B-21BFD4C160E8}.Debug|Any CPU.Build.0 = Debug|Any CPU
		{B968AB65-66E1-4264-AC2B-21BFD4C160E8}.Release|Any CPU.ActiveCfg = Release|Any CPU
		{B968AB65-66E1-4264-AC2B-21BFD4C160E8}.Release|Any CPU.Build.0 = Release|Any CPU
		{D6A6B000-5D2E-4F42-AFC6-0BA98BE06491}.Debug|Any CPU.ActiveCfg = Debug|Any CPU
		{D6A6B000-5D2E-4F42-AFC6-0BA98BE06491}.Debug|Any CPU.Build.0 = Debug|Any CPU
		{D6A6B000-5D2E-4F42-AFC6-0BA98BE06491}.Release|Any CPU.ActiveCfg = Release|Any CPU
		{D6A6B000-5D2E-4F42-AFC6-0BA98BE06491}.Release|Any CPU.Build.0 = Release|Any CPU
	EndGlobalSection
	GlobalSection(SolutionProperties) = preSolution
		HideSolutionNode = FALSE
	EndGlobalSection
	GlobalSection(ExtensibilityGlobals) = postSolution
		SolutionGuid = {445D6B6D-88A0-4E6B-8677-0018A776F596}
	EndGlobalSection
EndGlobal
